// !$*UTF8*$!
{
	archiveVersion = 1;
	classes = {
	};
	objectVersion = 46;
	objects = {

/* Begin PBXBuildFile section */
		150D236A1EA714170055CE68 /* AppDelegate.swift in Sources */ = {isa = PBXBuildFile; fileRef = 150D23691EA714170055CE68 /* AppDelegate.swift */; };
		150D236F1EA714170055CE68 /* Main.storyboard in Resources */ = {isa = PBXBuildFile; fileRef = 150D236D1EA714170055CE68 /* Main.storyboard */; };
		150D23711EA714170055CE68 /* Assets.xcassets in Resources */ = {isa = PBXBuildFile; fileRef = 150D23701EA714170055CE68 /* Assets.xcassets */; };
		150D23741EA714170055CE68 /* LaunchScreen.storyboard in Resources */ = {isa = PBXBuildFile; fileRef = 150D23721EA714170055CE68 /* LaunchScreen.storyboard */; };
		150D237F1EA714180055CE68 /* QianBaoTests.swift in Sources */ = {isa = PBXBuildFile; fileRef = 150D237E1EA714180055CE68 /* QianBaoTests.swift */; };
		150D238A1EA714180055CE68 /* QianBaoUITests.swift in Sources */ = {isa = PBXBuildFile; fileRef = 150D23891EA714180055CE68 /* QianBaoUITests.swift */; };
		151394A11EAF53C2006CC3D2 /* Views.swift in Sources */ = {isa = PBXBuildFile; fileRef = 151394A01EAF53C2006CC3D2 /* Views.swift */; };
		1567272E1EA747B700AE472C /* MBProgressHUD.framework in Frameworks */ = {isa = PBXBuildFile; fileRef = 156727211EA746A500AE472C /* MBProgressHUD.framework */; };
		1567272F1EA747B700AE472C /* MBProgressHUD.framework in Embed Frameworks */ = {isa = PBXBuildFile; fileRef = 156727211EA746A500AE472C /* MBProgressHUD.framework */; settings = {ATTRIBUTES = (CodeSignOnCopy, RemoveHeadersOnCopy, ); }; };
		156727301EA747B900AE472C /* SwiftyJSON.framework in Frameworks */ = {isa = PBXBuildFile; fileRef = 1567271F1EA7438100AE472C /* SwiftyJSON.framework */; };
		156727311EA747B900AE472C /* SwiftyJSON.framework in Embed Frameworks */ = {isa = PBXBuildFile; fileRef = 1567271F1EA7438100AE472C /* SwiftyJSON.framework */; settings = {ATTRIBUTES = (CodeSignOnCopy, RemoveHeadersOnCopy, ); }; };
		156727321EA747BC00AE472C /* Alamofire.framework in Frameworks */ = {isa = PBXBuildFile; fileRef = 1567271D1EA7437D00AE472C /* Alamofire.framework */; };
		156727331EA747BC00AE472C /* Alamofire.framework in Embed Frameworks */ = {isa = PBXBuildFile; fileRef = 1567271D1EA7437D00AE472C /* Alamofire.framework */; settings = {ATTRIBUTES = (CodeSignOnCopy, RemoveHeadersOnCopy, ); }; };
		15912C5B1EAD9BF400A95D9C /* BButton.m in Sources */ = {isa = PBXBuildFile; fileRef = 15912C541EAD9BF400A95D9C /* BButton.m */; };
		15912C5C1EAD9BF400A95D9C /* NSString+FontAwesome.m in Sources */ = {isa = PBXBuildFile; fileRef = 15912C561EAD9BF400A95D9C /* NSString+FontAwesome.m */; };
		15912C5E1EAD9BF400A95D9C /* UIColor+BButton.m in Sources */ = {isa = PBXBuildFile; fileRef = 15912C5A1EAD9BF400A95D9C /* UIColor+BButton.m */; };
		15912C691EAD9FEF00A95D9C /* FontAwesome.ttf in Resources */ = {isa = PBXBuildFile; fileRef = 15912C581EAD9BF400A95D9C /* FontAwesome.ttf */; };
		15FFCEB31EA7B2B6001ACBFE /* PayViewController.swift in Sources */ = {isa = PBXBuildFile; fileRef = 15FFCEB21EA7B2B6001ACBFE /* PayViewController.swift */; };
		15FFCEB51EA7B2C5001ACBFE /* IncomeViewController.swift in Sources */ = {isa = PBXBuildFile; fileRef = 15FFCEB41EA7B2C5001ACBFE /* IncomeViewController.swift */; };
		15FFCEB71EA7B2D5001ACBFE /* TransfViewController.swift in Sources */ = {isa = PBXBuildFile; fileRef = 15FFCEB61EA7B2D5001ACBFE /* TransfViewController.swift */; };
		15FFCEB91EA7B2DF001ACBFE /* MeViewController.swift in Sources */ = {isa = PBXBuildFile; fileRef = 15FFCEB81EA7B2DF001ACBFE /* MeViewController.swift */; };
		15FFCEBB1EA7B2ED001ACBFE /* ConfViewController.swift in Sources */ = {isa = PBXBuildFile; fileRef = 15FFCEBA1EA7B2ED001ACBFE /* ConfViewController.swift */; };
		15FFCEBE1EA7B3F0001ACBFE /* ZYKeyboard.swift in Sources */ = {isa = PBXBuildFile; fileRef = 15FFCEBD1EA7B3F0001ACBFE /* ZYKeyboard.swift */; };
		15FFCEC11EA7B434001ACBFE /* tools.swift in Sources */ = {isa = PBXBuildFile; fileRef = 15FFCEC01EA7B434001ACBFE /* tools.swift */; };
		15FFCEC31EA7B450001ACBFE /* Date.swift in Sources */ = {isa = PBXBuildFile; fileRef = 15FFCEC21EA7B450001ACBFE /* Date.swift */; };
		15FFCEC61EA7B4CA001ACBFE /* TabbarViewController.swift in Sources */ = {isa = PBXBuildFile; fileRef = 15FFCEC51EA7B4CA001ACBFE /* TabbarViewController.swift */; };
		15FFCECE1EA7B6D7001ACBFE /* MeCell.swift in Sources */ = {isa = PBXBuildFile; fileRef = 15FFCECD1EA7B6D7001ACBFE /* MeCell.swift */; };
		15FFCED01EA7B6E4001ACBFE /* ListCell.swift in Sources */ = {isa = PBXBuildFile; fileRef = 15FFCECF1EA7B6E4001ACBFE /* ListCell.swift */; };
		15FFCED71EA7BA55001ACBFE /* Init.sqlite in Resources */ = {isa = PBXBuildFile; fileRef = 15FFCED41EA7BA55001ACBFE /* Init.sqlite */; };
		15FFCED81EA7BA55001ACBFE /* Db.swift in Sources */ = {isa = PBXBuildFile; fileRef = 15FFCED51EA7BA55001ACBFE /* Db.swift */; };
		15FFCED91EA7BA55001ACBFE /* Rsync.swift in Sources */ = {isa = PBXBuildFile; fileRef = 15FFCED61EA7BA55001ACBFE /* Rsync.swift */; };
		15FFCEDB1EA7BA6F001ACBFE /* HUD.swift in Sources */ = {isa = PBXBuildFile; fileRef = 15FFCEDA1EA7BA6F001ACBFE /* HUD.swift */; };
		15FFCEDE1EA7BA9B001ACBFE /* FMDB-Extras.swift in Sources */ = {isa = PBXBuildFile; fileRef = 15FFCEDD1EA7BA9B001ACBFE /* FMDB-Extras.swift */; };
		15FFCEE01EA7BADD001ACBFE /* AddPayViewController.swift in Sources */ = {isa = PBXBuildFile; fileRef = 15FFCEDF1EA7BADD001ACBFE /* AddPayViewController.swift */; };
		15FFCEE21EA7BD4A001ACBFE /* TerminalTableViewController.swift in Sources */ = {isa = PBXBuildFile; fileRef = 15FFCEE11EA7BD4A001ACBFE /* TerminalTableViewController.swift */; };
		AC19E200E9438E979E027156 /* Pods_QianBao.framework in Frameworks */ = {isa = PBXBuildFile; fileRef = E970AE0B061867256E47D108 /* Pods_QianBao.framework */; };
/* End PBXBuildFile section */

/* Begin PBXContainerItemProxy section */
		150D237B1EA714180055CE68 /* PBXContainerItemProxy */ = {
			isa = PBXContainerItemProxy;
			containerPortal = 150D235E1EA714170055CE68 /* Project object */;
			proxyType = 1;
			remoteGlobalIDString = 150D23651EA714170055CE68;
			remoteInfo = QianBao;
		};
		150D23861EA714180055CE68 /* PBXContainerItemProxy */ = {
			isa = PBXContainerItemProxy;
			containerPortal = 150D235E1EA714170055CE68 /* Project object */;
			proxyType = 1;
			remoteGlobalIDString = 150D23651EA714170055CE68;
			remoteInfo = QianBao;
		};
/* End PBXContainerItemProxy section */

/* Begin PBXCopyFilesBuildPhase section */
		1567272A1EA7479400AE472C /* Embed Frameworks */ = {
			isa = PBXCopyFilesBuildPhase;
			buildActionMask = 2147483647;
			dstPath = "";
			dstSubfolderSpec = 10;
			files = (
				156727311EA747B900AE472C /* SwiftyJSON.framework in Embed Frameworks */,
				156727331EA747BC00AE472C /* Alamofire.framework in Embed Frameworks */,
				1567272F1EA747B700AE472C /* MBProgressHUD.framework in Embed Frameworks */,
			);
			name = "Embed Frameworks";
			runOnlyForDeploymentPostprocessing = 0;
		};
/* End PBXCopyFilesBuildPhase section */

/* Begin PBXFileReference section */
		150D23661EA714170055CE68 /* QianBao.app */ = {isa = PBXFileReference; explicitFileType = wrapper.application; includeInIndex = 0; path = QianBao.app; sourceTree = BUILT_PRODUCTS_DIR; };
		150D23691EA714170055CE68 /* AppDelegate.swift */ = {isa = PBXFileReference; lastKnownFileType = sourcecode.swift; path = AppDelegate.swift; sourceTree = "<group>"; };
		150D236E1EA714170055CE68 /* Base */ = {isa = PBXFileReference; lastKnownFileType = file.storyboard; name = Base; path = Base.lproj/Main.storyboard; sourceTree = "<group>"; };
		150D23701EA714170055CE68 /* Assets.xcassets */ = {isa = PBXFileReference; lastKnownFileType = folder.assetcatalog; name = Assets.xcassets; path = ../Assets.xcassets; sourceTree = "<group>"; };
		150D23731EA714170055CE68 /* Base */ = {isa = PBXFileReference; lastKnownFileType = file.storyboard; name = Base; path = Base.lproj/LaunchScreen.storyboard; sourceTree = "<group>"; };
		150D23751EA714170055CE68 /* Info.plist */ = {isa = PBXFileReference; lastKnownFileType = text.plist.xml; name = Info.plist; path = ../Info.plist; sourceTree = "<group>"; };
		150D237A1EA714180055CE68 /* QianBaoTests.xctest */ = {isa = PBXFileReference; explicitFileType = wrapper.cfbundle; includeInIndex = 0; path = QianBaoTests.xctest; sourceTree = BUILT_PRODUCTS_DIR; };
		150D237E1EA714180055CE68 /* QianBaoTests.swift */ = {isa = PBXFileReference; lastKnownFileType = sourcecode.swift; path = QianBaoTests.swift; sourceTree = "<group>"; };
		150D23801EA714180055CE68 /* Info.plist */ = {isa = PBXFileReference; lastKnownFileType = text.plist.xml; path = Info.plist; sourceTree = "<group>"; };
		150D23851EA714180055CE68 /* QianBaoUITests.xctest */ = {isa = PBXFileReference; explicitFileType = wrapper.cfbundle; includeInIndex = 0; path = QianBaoUITests.xctest; sourceTree = BUILT_PRODUCTS_DIR; };
		150D23891EA714180055CE68 /* QianBaoUITests.swift */ = {isa = PBXFileReference; lastKnownFileType = sourcecode.swift; path = QianBaoUITests.swift; sourceTree = "<group>"; };
		150D238B1EA714180055CE68 /* Info.plist */ = {isa = PBXFileReference; lastKnownFileType = text.plist.xml; path = Info.plist; sourceTree = "<group>"; };
		151394A01EAF53C2006CC3D2 /* Views.swift */ = {isa = PBXFileReference; fileEncoding = 4; lastKnownFileType = sourcecode.swift; path = Views.swift; sourceTree = "<group>"; };
		1567271D1EA7437D00AE472C /* Alamofire.framework */ = {isa = PBXFileReference; lastKnownFileType = wrapper.framework; name = Alamofire.framework; path = Carthage/Build/iOS/Alamofire.framework; sourceTree = "<group>"; };
		1567271F1EA7438100AE472C /* SwiftyJSON.framework */ = {isa = PBXFileReference; lastKnownFileType = wrapper.framework; name = SwiftyJSON.framework; path = Carthage/Build/iOS/SwiftyJSON.framework; sourceTree = "<group>"; };
		156727211EA746A500AE472C /* MBProgressHUD.framework */ = {isa = PBXFileReference; lastKnownFileType = wrapper.framework; name = MBProgressHUD.framework; path = Carthage/Build/iOS/MBProgressHUD.framework; sourceTree = "<group>"; };
		15912C531EAD9BF400A95D9C /* BButton.h */ = {isa = PBXFileReference; fileEncoding = 4; lastKnownFileType = sourcecode.c.h; path = BButton.h; sourceTree = "<group>"; };
		15912C541EAD9BF400A95D9C /* BButton.m */ = {isa = PBXFileReference; fileEncoding = 4; lastKnownFileType = sourcecode.c.objc; path = BButton.m; sourceTree = "<group>"; };
		15912C551EAD9BF400A95D9C /* NSString+FontAwesome.h */ = {isa = PBXFileReference; fileEncoding = 4; lastKnownFileType = sourcecode.c.h; path = "NSString+FontAwesome.h"; sourceTree = "<group>"; };
		15912C561EAD9BF400A95D9C /* NSString+FontAwesome.m */ = {isa = PBXFileReference; fileEncoding = 4; lastKnownFileType = sourcecode.c.objc; path = "NSString+FontAwesome.m"; sourceTree = "<group>"; };
		15912C581EAD9BF400A95D9C /* FontAwesome.ttf */ = {isa = PBXFileReference; lastKnownFileType = file; path = FontAwesome.ttf; sourceTree = "<group>"; };
		15912C591EAD9BF400A95D9C /* UIColor+BButton.h */ = {isa = PBXFileReference; fileEncoding = 4; lastKnownFileType = sourcecode.c.h; path = "UIColor+BButton.h"; sourceTree = "<group>"; };
		15912C5A1EAD9BF400A95D9C /* UIColor+BButton.m */ = {isa = PBXFileReference; fileEncoding = 4; lastKnownFileType = sourcecode.c.objc; path = "UIColor+BButton.m"; sourceTree = "<group>"; };
		15FFCEB21EA7B2B6001ACBFE /* PayViewController.swift */ = {isa = PBXFileReference; fileEncoding = 4; lastKnownFileType = sourcecode.swift; path = PayViewController.swift; sourceTree = "<group>"; };
		15FFCEB41EA7B2C5001ACBFE /* IncomeViewController.swift */ = {isa = PBXFileReference; fileEncoding = 4; lastKnownFileType = sourcecode.swift; path = IncomeViewController.swift; sourceTree = "<group>"; };
		15FFCEB61EA7B2D5001ACBFE /* TransfViewController.swift */ = {isa = PBXFileReference; fileEncoding = 4; lastKnownFileType = sourcecode.swift; path = TransfViewController.swift; sourceTree = "<group>"; };
		15FFCEB81EA7B2DF001ACBFE /* MeViewController.swift */ = {isa = PBXFileReference; fileEncoding = 4; lastKnownFileType = sourcecode.swift; path = MeViewController.swift; sourceTree = "<group>"; };
		15FFCEBA1EA7B2ED001ACBFE /* ConfViewController.swift */ = {isa = PBXFileReference; fileEncoding = 4; lastKnownFileType = sourcecode.swift; path = ConfViewController.swift; sourceTree = "<group>"; };
		15FFCEBD1EA7B3F0001ACBFE /* ZYKeyboard.swift */ = {isa = PBXFileReference; fileEncoding = 4; lastKnownFileType = sourcecode.swift; path = ZYKeyboard.swift; sourceTree = "<group>"; };
		15FFCEC01EA7B434001ACBFE /* tools.swift */ = {isa = PBXFileReference; fileEncoding = 4; lastKnownFileType = sourcecode.swift; path = tools.swift; sourceTree = "<group>"; };
		15FFCEC21EA7B450001ACBFE /* Date.swift */ = {isa = PBXFileReference; fileEncoding = 4; lastKnownFileType = sourcecode.swift; path = Date.swift; sourceTree = "<group>"; };
		15FFCEC51EA7B4CA001ACBFE /* TabbarViewController.swift */ = {isa = PBXFileReference; fileEncoding = 4; lastKnownFileType = sourcecode.swift; path = TabbarViewController.swift; sourceTree = "<group>"; };
		15FFCECD1EA7B6D7001ACBFE /* MeCell.swift */ = {isa = PBXFileReference; fileEncoding = 4; lastKnownFileType = sourcecode.swift; path = MeCell.swift; sourceTree = "<group>"; };
		15FFCECF1EA7B6E4001ACBFE /* ListCell.swift */ = {isa = PBXFileReference; fileEncoding = 4; lastKnownFileType = sourcecode.swift; path = ListCell.swift; sourceTree = "<group>"; };
		15FFCED11EA7BA12001ACBFE /* QianBao-Bridging-Header.h */ = {isa = PBXFileReference; lastKnownFileType = sourcecode.c.h; name = "QianBao-Bridging-Header.h"; path = "../QianBao-Bridging-Header.h"; sourceTree = "<group>"; };
		15FFCED41EA7BA55001ACBFE /* Init.sqlite */ = {isa = PBXFileReference; lastKnownFileType = file; path = Init.sqlite; sourceTree = "<group>"; };
		15FFCED51EA7BA55001ACBFE /* Db.swift */ = {isa = PBXFileReference; fileEncoding = 4; lastKnownFileType = sourcecode.swift; path = Db.swift; sourceTree = "<group>"; };
		15FFCED61EA7BA55001ACBFE /* Rsync.swift */ = {isa = PBXFileReference; fileEncoding = 4; lastKnownFileType = sourcecode.swift; path = Rsync.swift; sourceTree = "<group>"; };
		15FFCEDA1EA7BA6F001ACBFE /* HUD.swift */ = {isa = PBXFileReference; fileEncoding = 4; lastKnownFileType = sourcecode.swift; path = HUD.swift; sourceTree = "<group>"; };
		15FFCEDD1EA7BA9B001ACBFE /* FMDB-Extras.swift */ = {isa = PBXFileReference; fileEncoding = 4; lastKnownFileType = sourcecode.swift; path = "FMDB-Extras.swift"; sourceTree = "<group>"; };
		15FFCEDF1EA7BADD001ACBFE /* AddPayViewController.swift */ = {isa = PBXFileReference; fileEncoding = 4; lastKnownFileType = sourcecode.swift; path = AddPayViewController.swift; sourceTree = "<group>"; };
		15FFCEE11EA7BD4A001ACBFE /* TerminalTableViewController.swift */ = {isa = PBXFileReference; fileEncoding = 4; lastKnownFileType = sourcecode.swift; path = TerminalTableViewController.swift; sourceTree = "<group>"; };
		9A9D7AFD3FE4D1ABAE5A6A78 /* Pods-QianBao.debug.xcconfig */ = {isa = PBXFileReference; includeInIndex = 1; lastKnownFileType = text.xcconfig; name = "Pods-QianBao.debug.xcconfig"; path = "Pods/Target Support Files/Pods-QianBao/Pods-QianBao.debug.xcconfig"; sourceTree = "<group>"; };
		DA59DB0975DD4F618F592712 /* Pods-QianBao.release.xcconfig */ = {isa = PBXFileReference; includeInIndex = 1; lastKnownFileType = text.xcconfig; name = "Pods-QianBao.release.xcconfig"; path = "Pods/Target Support Files/Pods-QianBao/Pods-QianBao.release.xcconfig"; sourceTree = "<group>"; };
		E970AE0B061867256E47D108 /* Pods_QianBao.framework */ = {isa = PBXFileReference; explicitFileType = wrapper.framework; includeInIndex = 0; path = Pods_QianBao.framework; sourceTree = BUILT_PRODUCTS_DIR; };
/* End PBXFileReference section */

/* Begin PBXFrameworksBuildPhase section */
		150D23631EA714170055CE68 /* Frameworks */ = {
			isa = PBXFrameworksBuildPhase;
			buildActionMask = 2147483647;
			files = (
				156727301EA747B900AE472C /* SwiftyJSON.framework in Frameworks */,
				156727321EA747BC00AE472C /* Alamofire.framework in Frameworks */,
				1567272E1EA747B700AE472C /* MBProgressHUD.framework in Frameworks */,
				AC19E200E9438E979E027156 /* Pods_QianBao.framework in Frameworks */,
			);
			runOnlyForDeploymentPostprocessing = 0;
		};
		150D23771EA714180055CE68 /* Frameworks */ = {
			isa = PBXFrameworksBuildPhase;
			buildActionMask = 2147483647;
			files = (
			);
			runOnlyForDeploymentPostprocessing = 0;
		};
		150D23821EA714180055CE68 /* Frameworks */ = {
			isa = PBXFrameworksBuildPhase;
			buildActionMask = 2147483647;
			files = (
			);
			runOnlyForDeploymentPostprocessing = 0;
		};
/* End PBXFrameworksBuildPhase section */

/* Begin PBXGroup section */
		150D235D1EA714170055CE68 = {
			isa = PBXGroup;
			children = (
				150D23681EA714170055CE68 /* QianBao */,
				150D237D1EA714180055CE68 /* QianBaoTests */,
				150D23881EA714180055CE68 /* QianBaoUITests */,
				150D23671EA714170055CE68 /* Products */,
				1567271C1EA7437D00AE472C /* Frameworks */,
				88002736E9F39AAEF85759A8 /* Pods */,
			);
			sourceTree = "<group>";
		};
		150D23671EA714170055CE68 /* Products */ = {
			isa = PBXGroup;
			children = (
				150D23661EA714170055CE68 /* QianBao.app */,
				150D237A1EA714180055CE68 /* QianBaoTests.xctest */,
				150D23851EA714180055CE68 /* QianBaoUITests.xctest */,
			);
			name = Products;
			sourceTree = "<group>";
		};
		150D23681EA714170055CE68 /* QianBao */ = {
			isa = PBXGroup;
			children = (
				15FFCEAE1EA7B249001ACBFE /* Classes */,
				15FFCEBC1EA7B3DC001ACBFE /* Utils */,
				15FFCEDC1EA7BA90001ACBFE /* Extensions */,
				15FFCEC41EA7B4CA001ACBFE /* General */,
				15FFCEBF1EA7B420001ACBFE /* Libs */,
				150D23691EA714170055CE68 /* AppDelegate.swift */,
			);
			path = QianBao;
			sourceTree = "<group>";
		};
		150D237D1EA714180055CE68 /* QianBaoTests */ = {
			isa = PBXGroup;
			children = (
				150D237E1EA714180055CE68 /* QianBaoTests.swift */,
				150D23801EA714180055CE68 /* Info.plist */,
			);
			path = QianBaoTests;
			sourceTree = "<group>";
		};
		150D23881EA714180055CE68 /* QianBaoUITests */ = {
			isa = PBXGroup;
			children = (
				150D23891EA714180055CE68 /* QianBaoUITests.swift */,
				150D238B1EA714180055CE68 /* Info.plist */,
			);
			path = QianBaoUITests;
			sourceTree = "<group>";
		};
		1567271C1EA7437D00AE472C /* Frameworks */ = {
			isa = PBXGroup;
			children = (
				156727211EA746A500AE472C /* MBProgressHUD.framework */,
				1567271F1EA7438100AE472C /* SwiftyJSON.framework */,
				1567271D1EA7437D00AE472C /* Alamofire.framework */,
				E970AE0B061867256E47D108 /* Pods_QianBao.framework */,
			);
			name = Frameworks;
			sourceTree = "<group>";
		};
		15912C521EAD9BF400A95D9C /* BButton */ = {
			isa = PBXGroup;
			children = (
				15912C531EAD9BF400A95D9C /* BButton.h */,
				15912C541EAD9BF400A95D9C /* BButton.m */,
				15912C551EAD9BF400A95D9C /* NSString+FontAwesome.h */,
				15912C561EAD9BF400A95D9C /* NSString+FontAwesome.m */,
				15912C571EAD9BF400A95D9C /* resources */,
				15912C591EAD9BF400A95D9C /* UIColor+BButton.h */,
				15912C5A1EAD9BF400A95D9C /* UIColor+BButton.m */,
			);
			path = BButton;
			sourceTree = "<group>";
		};
		15912C571EAD9BF400A95D9C /* resources */ = {
			isa = PBXGroup;
			children = (
				15912C581EAD9BF400A95D9C /* FontAwesome.ttf */,
			);
			path = resources;
			sourceTree = "<group>";
		};
		15FFCEAE1EA7B249001ACBFE /* Classes */ = {
			isa = PBXGroup;
			children = (
				15FFCEC81EA7B66D001ACBFE /* Cells */,
				15FFCEB21EA7B2B6001ACBFE /* PayViewController.swift */,
				15FFCEDF1EA7BADD001ACBFE /* AddPayViewController.swift */,
				15FFCEB61EA7B2D5001ACBFE /* TransfViewController.swift */,
				15FFCEB81EA7B2DF001ACBFE /* MeViewController.swift */,
				15FFCEB41EA7B2C5001ACBFE /* IncomeViewController.swift */,
				15FFCEBA1EA7B2ED001ACBFE /* ConfViewController.swift */,
				15FFCEE11EA7BD4A001ACBFE /* TerminalTableViewController.swift */,
			);
			path = Classes;
			sourceTree = "<group>";
		};
		15FFCEBC1EA7B3DC001ACBFE /* Utils */ = {
			isa = PBXGroup;
			children = (
				15912C521EAD9BF400A95D9C /* BButton */,
				15FFCEDA1EA7BA6F001ACBFE /* HUD.swift */,
				15FFCEBD1EA7B3F0001ACBFE /* ZYKeyboard.swift */,
			);
			path = Utils;
			sourceTree = "<group>";
		};
		15FFCEBF1EA7B420001ACBFE /* Libs */ = {
			isa = PBXGroup;
			children = (
				15FFCED41EA7BA55001ACBFE /* Init.sqlite */,
				15FFCED51EA7BA55001ACBFE /* Db.swift */,
				15FFCED61EA7BA55001ACBFE /* Rsync.swift */,
				15FFCEC01EA7B434001ACBFE /* tools.swift */,
				15FFCEC21EA7B450001ACBFE /* Date.swift */,
				151394A01EAF53C2006CC3D2 /* Views.swift */,
			);
			path = Libs;
			sourceTree = "<group>";
		};
		15FFCEC41EA7B4CA001ACBFE /* General */ = {
			isa = PBXGroup;
			children = (
				150D236D1EA714170055CE68 /* Main.storyboard */,
				150D23751EA714170055CE68 /* Info.plist */,
				15FFCED11EA7BA12001ACBFE /* QianBao-Bridging-Header.h */,
				150D23701EA714170055CE68 /* Assets.xcassets */,
				150D23721EA714170055CE68 /* LaunchScreen.storyboard */,
				15FFCEC51EA7B4CA001ACBFE /* TabbarViewController.swift */,
			);
			path = General;
			sourceTree = "<group>";
		};
		15FFCEC81EA7B66D001ACBFE /* Cells */ = {
			isa = PBXGroup;
			children = (
				15FFCECD1EA7B6D7001ACBFE /* MeCell.swift */,
				15FFCECF1EA7B6E4001ACBFE /* ListCell.swift */,
			);
			path = Cells;
			sourceTree = "<group>";
		};
		15FFCEDC1EA7BA90001ACBFE /* Extensions */ = {
			isa = PBXGroup;
			children = (
				15FFCEDD1EA7BA9B001ACBFE /* FMDB-Extras.swift */,
			);
			path = Extensions;
			sourceTree = "<group>";
		};
		88002736E9F39AAEF85759A8 /* Pods */ = {
			isa = PBXGroup;
			children = (
				9A9D7AFD3FE4D1ABAE5A6A78 /* Pods-QianBao.debug.xcconfig */,
				DA59DB0975DD4F618F592712 /* Pods-QianBao.release.xcconfig */,
			);
			name = Pods;
			sourceTree = "<group>";
		};
/* End PBXGroup section */

/* Begin PBXNativeTarget section */
		150D23651EA714170055CE68 /* QianBao */ = {
			isa = PBXNativeTarget;
			buildConfigurationList = 150D238E1EA714180055CE68 /* Build configuration list for PBXNativeTarget "QianBao" */;
			buildPhases = (
				F74E7BAD1C7730080F9C92AF /* [CP] Check Pods Manifest.lock */,
				150D23621EA714170055CE68 /* Sources */,
				150D23631EA714170055CE68 /* Frameworks */,
				150D23641EA714170055CE68 /* Resources */,
				1567272A1EA7479400AE472C /* Embed Frameworks */,
				CA65DFD526D875D300ED74CE /* [CP] Embed Pods Frameworks */,
				17252BA4F9C783B691FAB6AF /* [CP] Copy Pods Resources */,
			);
			buildRules = (
			);
			dependencies = (
			);
			name = QianBao;
			productName = QianBao;
			productReference = 150D23661EA714170055CE68 /* QianBao.app */;
			productType = "com.apple.product-type.application";
		};
		150D23791EA714180055CE68 /* QianBaoTests */ = {
			isa = PBXNativeTarget;
			buildConfigurationList = 150D23911EA714180055CE68 /* Build configuration list for PBXNativeTarget "QianBaoTests" */;
			buildPhases = (
				150D23761EA714180055CE68 /* Sources */,
				150D23771EA714180055CE68 /* Frameworks */,
				150D23781EA714180055CE68 /* Resources */,
			);
			buildRules = (
			);
			dependencies = (
				150D237C1EA714180055CE68 /* PBXTargetDependency */,
			);
			name = QianBaoTests;
			productName = QianBaoTests;
			productReference = 150D237A1EA714180055CE68 /* QianBaoTests.xctest */;
			productType = "com.apple.product-type.bundle.unit-test";
		};
		150D23841EA714180055CE68 /* QianBaoUITests */ = {
			isa = PBXNativeTarget;
			buildConfigurationList = 150D23941EA714180055CE68 /* Build configuration list for PBXNativeTarget "QianBaoUITests" */;
			buildPhases = (
				150D23811EA714180055CE68 /* Sources */,
				150D23821EA714180055CE68 /* Frameworks */,
				150D23831EA714180055CE68 /* Resources */,
			);
			buildRules = (
			);
			dependencies = (
				150D23871EA714180055CE68 /* PBXTargetDependency */,
			);
			name = QianBaoUITests;
			productName = QianBaoUITests;
			productReference = 150D23851EA714180055CE68 /* QianBaoUITests.xctest */;
			productType = "com.apple.product-type.bundle.ui-testing";
		};
/* End PBXNativeTarget section */

/* Begin PBXProject section */
		150D235E1EA714170055CE68 /* Project object */ = {
			isa = PBXProject;
			attributes = {
				LastSwiftUpdateCheck = 0830;
				LastUpgradeCheck = 0830;
				ORGANIZATIONNAME = zhiyuan;
				TargetAttributes = {
					150D23651EA714170055CE68 = {
						CreatedOnToolsVersion = 8.3.1;
						DevelopmentTeam = 6C4NVVWZ6V;
						LastSwiftMigration = 0830;
						ProvisioningStyle = Automatic;
					};
					150D23791EA714180055CE68 = {
						CreatedOnToolsVersion = 8.3.1;
						DevelopmentTeam = 2KAHXVA7D5;
						ProvisioningStyle = Automatic;
						TestTargetID = 150D23651EA714170055CE68;
					};
					150D23841EA714180055CE68 = {
						CreatedOnToolsVersion = 8.3.1;
						DevelopmentTeam = 2KAHXVA7D5;
						ProvisioningStyle = Automatic;
						TestTargetID = 150D23651EA714170055CE68;
					};
				};
			};
			buildConfigurationList = 150D23611EA714170055CE68 /* Build configuration list for PBXProject "QianBao" */;
			compatibilityVersion = "Xcode 3.2";
			developmentRegion = English;
			hasScannedForEncodings = 0;
			knownRegions = (
				en,
				Base,
			);
			mainGroup = 150D235D1EA714170055CE68;
			productRefGroup = 150D23671EA714170055CE68 /* Products */;
			projectDirPath = "";
			projectRoot = "";
			targets = (
				150D23651EA714170055CE68 /* QianBao */,
				150D23791EA714180055CE68 /* QianBaoTests */,
				150D23841EA714180055CE68 /* QianBaoUITests */,
			);
		};
/* End PBXProject section */

/* Begin PBXResourcesBuildPhase section */
		150D23641EA714170055CE68 /* Resources */ = {
			isa = PBXResourcesBuildPhase;
			buildActionMask = 2147483647;
			files = (
				150D23741EA714170055CE68 /* LaunchScreen.storyboard in Resources */,
				150D23711EA714170055CE68 /* Assets.xcassets in Resources */,
				150D236F1EA714170055CE68 /* Main.storyboard in Resources */,
				15FFCED71EA7BA55001ACBFE /* Init.sqlite in Resources */,
				15912C691EAD9FEF00A95D9C /* FontAwesome.ttf in Resources */,
			);
			runOnlyForDeploymentPostprocessing = 0;
		};
		150D23781EA714180055CE68 /* Resources */ = {
			isa = PBXResourcesBuildPhase;
			buildActionMask = 2147483647;
			files = (
			);
			runOnlyForDeploymentPostprocessing = 0;
		};
		150D23831EA714180055CE68 /* Resources */ = {
			isa = PBXResourcesBuildPhase;
			buildActionMask = 2147483647;
			files = (
			);
			runOnlyForDeploymentPostprocessing = 0;
		};
/* End PBXResourcesBuildPhase section */

/* Begin PBXShellScriptBuildPhase section */
		17252BA4F9C783B691FAB6AF /* [CP] Copy Pods Resources */ = {
			isa = PBXShellScriptBuildPhase;
			buildActionMask = 2147483647;
			files = (
			);
			inputPaths = (
			);
			name = "[CP] Copy Pods Resources";
			outputPaths = (
			);
			runOnlyForDeploymentPostprocessing = 0;
			shellPath = /bin/sh;
			shellScript = "\"${SRCROOT}/Pods/Target Support Files/Pods-QianBao/Pods-QianBao-resources.sh\"\n";
			showEnvVarsInLog = 0;
		};
		CA65DFD526D875D300ED74CE /* [CP] Embed Pods Frameworks */ = {
			isa = PBXShellScriptBuildPhase;
			buildActionMask = 2147483647;
			files = (
			);
			inputPaths = (
			);
			name = "[CP] Embed Pods Frameworks";
			outputPaths = (
			);
			runOnlyForDeploymentPostprocessing = 0;
			shellPath = /bin/sh;
			shellScript = "\"${SRCROOT}/Pods/Target Support Files/Pods-QianBao/Pods-QianBao-frameworks.sh\"\n";
			showEnvVarsInLog = 0;
		};
		F74E7BAD1C7730080F9C92AF /* [CP] Check Pods Manifest.lock */ = {
			isa = PBXShellScriptBuildPhase;
			buildActionMask = 2147483647;
			files = (
			);
			inputPaths = (
			);
			name = "[CP] Check Pods Manifest.lock";
			outputPaths = (
			);
			runOnlyForDeploymentPostprocessing = 0;
			shellPath = /bin/sh;
			shellScript = "diff \"${PODS_ROOT}/../Podfile.lock\" \"${PODS_ROOT}/Manifest.lock\" > /dev/null\nif [[ $? != 0 ]] ; then\n    cat << EOM\nerror: The sandbox is not in sync with the Podfile.lock. Run 'pod install' or update your CocoaPods installation.\nEOM\n    exit 1\nfi\n";
			showEnvVarsInLog = 0;
		};
/* End PBXShellScriptBuildPhase section */

/* Begin PBXSourcesBuildPhase section */
		150D23621EA714170055CE68 /* Sources */ = {
			isa = PBXSourcesBuildPhase;
			buildActionMask = 2147483647;
			files = (
				15912C5C1EAD9BF400A95D9C /* NSString+FontAwesome.m in Sources */,
				15FFCED91EA7BA55001ACBFE /* Rsync.swift in Sources */,
				15FFCEBB1EA7B2ED001ACBFE /* ConfViewController.swift in Sources */,
				15FFCEC61EA7B4CA001ACBFE /* TabbarViewController.swift in Sources */,
				15FFCEB91EA7B2DF001ACBFE /* MeViewController.swift in Sources */,
				15FFCEDB1EA7BA6F001ACBFE /* HUD.swift in Sources */,
				15FFCEC11EA7B434001ACBFE /* tools.swift in Sources */,
				15FFCED01EA7B6E4001ACBFE /* ListCell.swift in Sources */,
				15FFCEB51EA7B2C5001ACBFE /* IncomeViewController.swift in Sources */,
				15912C5E1EAD9BF400A95D9C /* UIColor+BButton.m in Sources */,
				15FFCEE01EA7BADD001ACBFE /* AddPayViewController.swift in Sources */,
				15FFCED81EA7BA55001ACBFE /* Db.swift in Sources */,
				151394A11EAF53C2006CC3D2 /* Views.swift in Sources */,
				150D236A1EA714170055CE68 /* AppDelegate.swift in Sources */,
				15FFCEBE1EA7B3F0001ACBFE /* ZYKeyboard.swift in Sources */,
				15FFCEC31EA7B450001ACBFE /* Date.swift in Sources */,
				15FFCECE1EA7B6D7001ACBFE /* MeCell.swift in Sources */,
				15FFCEDE1EA7BA9B001ACBFE /* FMDB-Extras.swift in Sources */,
				15FFCEB71EA7B2D5001ACBFE /* TransfViewController.swift in Sources */,
				15FFCEE21EA7BD4A001ACBFE /* TerminalTableViewController.swift in Sources */,
				15912C5B1EAD9BF400A95D9C /* BButton.m in Sources */,
				15FFCEB31EA7B2B6001ACBFE /* PayViewController.swift in Sources */,
			);
			runOnlyForDeploymentPostprocessing = 0;
		};
		150D23761EA714180055CE68 /* Sources */ = {
			isa = PBXSourcesBuildPhase;
			buildActionMask = 2147483647;
			files = (
				150D237F1EA714180055CE68 /* QianBaoTests.swift in Sources */,
			);
			runOnlyForDeploymentPostprocessing = 0;
		};
		150D23811EA714180055CE68 /* Sources */ = {
			isa = PBXSourcesBuildPhase;
			buildActionMask = 2147483647;
			files = (
				150D238A1EA714180055CE68 /* QianBaoUITests.swift in Sources */,
			);
			runOnlyForDeploymentPostprocessing = 0;
		};
/* End PBXSourcesBuildPhase section */

/* Begin PBXTargetDependency section */
		150D237C1EA714180055CE68 /* PBXTargetDependency */ = {
			isa = PBXTargetDependency;
			target = 150D23651EA714170055CE68 /* QianBao */;
			targetProxy = 150D237B1EA714180055CE68 /* PBXContainerItemProxy */;
		};
		150D23871EA714180055CE68 /* PBXTargetDependency */ = {
			isa = PBXTargetDependency;
			target = 150D23651EA714170055CE68 /* QianBao */;
			targetProxy = 150D23861EA714180055CE68 /* PBXContainerItemProxy */;
		};
/* End PBXTargetDependency section */

/* Begin PBXVariantGroup section */
		150D236D1EA714170055CE68 /* Main.storyboard */ = {
			isa = PBXVariantGroup;
			children = (
				150D236E1EA714170055CE68 /* Base */,
			);
			name = Main.storyboard;
			path = ..;
			sourceTree = "<group>";
		};
		150D23721EA714170055CE68 /* LaunchScreen.storyboard */ = {
			isa = PBXVariantGroup;
			children = (
				150D23731EA714170055CE68 /* Base */,
			);
			name = LaunchScreen.storyboard;
			path = ..;
			sourceTree = "<group>";
		};
/* End PBXVariantGroup section */

/* Begin XCBuildConfiguration section */
		150D238C1EA714180055CE68 /* Debug */ = {
			isa = XCBuildConfiguration;
			buildSettings = {
				ALWAYS_SEARCH_USER_PATHS = NO;
				CLANG_ANALYZER_NONNULL = YES;
				CLANG_ANALYZER_NUMBER_OBJECT_CONVERSION = YES_AGGRESSIVE;
				CLANG_CXX_LANGUAGE_STANDARD = "gnu++0x";
				CLANG_CXX_LIBRARY = "libc++";
				CLANG_ENABLE_MODULES = YES;
				CLANG_ENABLE_OBJC_ARC = YES;
				CLANG_WARN_BOOL_CONVERSION = YES;
				CLANG_WARN_CONSTANT_CONVERSION = YES;
				CLANG_WARN_DIRECT_OBJC_ISA_USAGE = YES_ERROR;
				CLANG_WARN_DOCUMENTATION_COMMENTS = YES;
				CLANG_WARN_EMPTY_BODY = YES;
				CLANG_WARN_ENUM_CONVERSION = YES;
				CLANG_WARN_INFINITE_RECURSION = YES;
				CLANG_WARN_INT_CONVERSION = YES;
				CLANG_WARN_OBJC_ROOT_CLASS = YES_ERROR;
				CLANG_WARN_SUSPICIOUS_MOVE = YES;
				CLANG_WARN_UNREACHABLE_CODE = YES;
				CLANG_WARN__DUPLICATE_METHOD_MATCH = YES;
				"CODE_SIGN_IDENTITY[sdk=iphoneos*]" = "iPhone Developer";
				COPY_PHASE_STRIP = NO;
				DEBUG_INFORMATION_FORMAT = dwarf;
				ENABLE_STRICT_OBJC_MSGSEND = YES;
				ENABLE_TESTABILITY = YES;
				GCC_C_LANGUAGE_STANDARD = gnu99;
				GCC_DYNAMIC_NO_PIC = NO;
				GCC_NO_COMMON_BLOCKS = YES;
				GCC_OPTIMIZATION_LEVEL = 0;
				GCC_PREPROCESSOR_DEFINITIONS = (
					"DEBUG=1",
					"$(inherited)",
				);
				GCC_WARN_64_TO_32_BIT_CONVERSION = YES;
				GCC_WARN_ABOUT_RETURN_TYPE = YES_ERROR;
				GCC_WARN_UNDECLARED_SELECTOR = YES;
				GCC_WARN_UNINITIALIZED_AUTOS = YES_AGGRESSIVE;
				GCC_WARN_UNUSED_FUNCTION = YES;
				GCC_WARN_UNUSED_VARIABLE = YES;
				IPHONEOS_DEPLOYMENT_TARGET = 10.3;
				MTL_ENABLE_DEBUG_INFO = YES;
				ONLY_ACTIVE_ARCH = YES;
				SDKROOT = iphoneos;
				SWIFT_ACTIVE_COMPILATION_CONDITIONS = DEBUG;
				SWIFT_OPTIMIZATION_LEVEL = "-Onone";
				TARGETED_DEVICE_FAMILY = "1,2";
			};
			name = Debug;
		};
		150D238D1EA714180055CE68 /* Release */ = {
			isa = XCBuildConfiguration;
			buildSettings = {
				ALWAYS_SEARCH_USER_PATHS = NO;
				CLANG_ANALYZER_NONNULL = YES;
				CLANG_ANALYZER_NUMBER_OBJECT_CONVERSION = YES_AGGRESSIVE;
				CLANG_CXX_LANGUAGE_STANDARD = "gnu++0x";
				CLANG_CXX_LIBRARY = "libc++";
				CLANG_ENABLE_MODULES = YES;
				CLANG_ENABLE_OBJC_ARC = YES;
				CLANG_WARN_BOOL_CONVERSION = YES;
				CLANG_WARN_CONSTANT_CONVERSION = YES;
				CLANG_WARN_DIRECT_OBJC_ISA_USAGE = YES_ERROR;
				CLANG_WARN_DOCUMENTATION_COMMENTS = YES;
				CLANG_WARN_EMPTY_BODY = YES;
				CLANG_WARN_ENUM_CONVERSION = YES;
				CLANG_WARN_INFINITE_RECURSION = YES;
				CLANG_WARN_INT_CONVERSION = YES;
				CLANG_WARN_OBJC_ROOT_CLASS = YES_ERROR;
				CLANG_WARN_SUSPICIOUS_MOVE = YES;
				CLANG_WARN_UNREACHABLE_CODE = YES;
				CLANG_WARN__DUPLICATE_METHOD_MATCH = YES;
				"CODE_SIGN_IDENTITY[sdk=iphoneos*]" = "iPhone Developer";
				COPY_PHASE_STRIP = NO;
				DEBUG_INFORMATION_FORMAT = "dwarf-with-dsym";
				ENABLE_NS_ASSERTIONS = NO;
				ENABLE_STRICT_OBJC_MSGSEND = YES;
				GCC_C_LANGUAGE_STANDARD = gnu99;
				GCC_NO_COMMON_BLOCKS = YES;
				GCC_WARN_64_TO_32_BIT_CONVERSION = YES;
				GCC_WARN_ABOUT_RETURN_TYPE = YES_ERROR;
				GCC_WARN_UNDECLARED_SELECTOR = YES;
				GCC_WARN_UNINITIALIZED_AUTOS = YES_AGGRESSIVE;
				GCC_WARN_UNUSED_FUNCTION = YES;
				GCC_WARN_UNUSED_VARIABLE = YES;
				IPHONEOS_DEPLOYMENT_TARGET = 10.3;
				MTL_ENABLE_DEBUG_INFO = NO;
				SDKROOT = iphoneos;
				SWIFT_OPTIMIZATION_LEVEL = "-Owholemodule";
				TARGETED_DEVICE_FAMILY = "1,2";
				VALIDATE_PRODUCT = YES;
			};
			name = Release;
		};
		150D238F1EA714180055CE68 /* Debug */ = {
			isa = XCBuildConfiguration;
			baseConfigurationReference = 9A9D7AFD3FE4D1ABAE5A6A78 /* Pods-QianBao.debug.xcconfig */;
			buildSettings = {
				ASSETCATALOG_COMPILER_APPICON_NAME = AppIcon;
				ASSETCATALOG_COMPILER_LAUNCHIMAGE_NAME = LaunchImage;
				CLANG_ENABLE_MODULES = YES;
				DEVELOPMENT_TEAM = 6C4NVVWZ6V;
				FRAMEWORK_SEARCH_PATHS = (
					"$(inherited)",
					"$(PROJECT_DIR)/Carthage/Build/iOS",
				);
				INFOPLIST_FILE = QianBao/Info.plist;
				LD_RUNPATH_SEARCH_PATHS = "$(inherited) @executable_path/Frameworks";
				PRODUCT_BUNDLE_IDENTIFIER = zhiyuan.QianBao;
				PRODUCT_NAME = "$(TARGET_NAME)";
				SWIFT_OBJC_BRIDGING_HEADER = "QianBao/QianBao-Bridging-Header.h";
				SWIFT_OPTIMIZATION_LEVEL = "-Onone";
				SWIFT_VERSION = 3.0;
				TARGETED_DEVICE_FAMILY = 1;
			};
			name = Debug;
		};
		150D23901EA714180055CE68 /* Release */ = {
			isa = XCBuildConfiguration;
			baseConfigurationReference = DA59DB0975DD4F618F592712 /* Pods-QianBao.release.xcconfig */;
			buildSettings = {
				ASSETCATALOG_COMPILER_APPICON_NAME = AppIcon;
				ASSETCATALOG_COMPILER_LAUNCHIMAGE_NAME = LaunchImage;
				CLANG_ENABLE_MODULES = YES;
				DEVELOPMENT_TEAM = 6C4NVVWZ6V;
				FRAMEWORK_SEARCH_PATHS = (
					"$(inherited)",
					"$(PROJECT_DIR)/Carthage/Build/iOS",
				);
				INFOPLIST_FILE = QianBao/Info.plist;
				LD_RUNPATH_SEARCH_PATHS = "$(inherited) @executable_path/Frameworks";
				PRODUCT_BUNDLE_IDENTIFIER = zhiyuan.QianBao;
				PRODUCT_NAME = "$(TARGET_NAME)";
				SWIFT_OBJC_BRIDGING_HEADER = "QianBao/QianBao-Bridging-Header.h";
				SWIFT_VERSION = 3.0;
				TARGETED_DEVICE_FAMILY = 1;
			};
			name = Release;
		};
		150D23921EA714180055CE68 /* Debug */ = {
			isa = XCBuildConfiguration;
			buildSettings = {
				ALWAYS_EMBED_SWIFT_STANDARD_LIBRARIES = YES;
				BUNDLE_LOADER = "$(TEST_HOST)";
				DEVELOPMENT_TEAM = 2KAHXVA7D5;
				INFOPLIST_FILE = QianBaoTests/Info.plist;
				LD_RUNPATH_SEARCH_PATHS = "$(inherited) @executable_path/Frameworks @loader_path/Frameworks";
				PRODUCT_BUNDLE_IDENTIFIER = zhiyuan.QianBaoTests;
				PRODUCT_NAME = "$(TARGET_NAME)";
				SWIFT_VERSION = 3.0;
				TEST_HOST = "$(BUILT_PRODUCTS_DIR)/QianBao.app/QianBao";
			};
			name = Debug;
		};
		150D23931EA714180055CE68 /* Release */ = {
			isa = XCBuildConfiguration;
			buildSettings = {
				ALWAYS_EMBED_SWIFT_STANDARD_LIBRARIES = YES;
				BUNDLE_LOADER = "$(TEST_HOST)";
				DEVELOPMENT_TEAM = 2KAHXVA7D5;
				INFOPLIST_FILE = QianBaoTests/Info.plist;
				LD_RUNPATH_SEARCH_PATHS = "$(inherited) @executable_path/Frameworks @loader_path/Frameworks";
				PRODUCT_BUNDLE_IDENTIFIER = zhiyuan.QianBaoTests;
				PRODUCT_NAME = "$(TARGET_NAME)";
				SWIFT_VERSION = 3.0;
				TEST_HOST = "$(BUILT_PRODUCTS_DIR)/QianBao.app/QianBao";
			};
			name = Release;
		};
		150D23951EA714180055CE68 /* Debug */ = {
			isa = XCBuildConfiguration;
			buildSettings = {
				ALWAYS_EMBED_SWIFT_STANDARD_LIBRARIES = YES;
				DEVELOPMENT_TEAM = 2KAHXVA7D5;
				INFOPLIST_FILE = QianBaoUITests/Info.plist;
				LD_RUNPATH_SEARCH_PATHS = "$(inherited) @executable_path/Frameworks @loader_path/Frameworks";
				PRODUCT_BUNDLE_IDENTIFIER = zhiyuan.QianBaoUITests;
				PRODUCT_NAME = "$(TARGET_NAME)";
				SWIFT_VERSION = 3.0;
				TEST_TARGET_NAME = QianBao;
			};
			name = Debug;
		};
		150D23961EA714180055CE68 /* Release */ = {
			isa = XCBuildConfiguration;
			buildSettings = {
				ALWAYS_EMBED_SWIFT_STANDARD_LIBRARIES = YES;
				DEVELOPMENT_TEAM = 2KAHXVA7D5;
				INFOPLIST_FILE = QianBaoUITests/Info.plist;
				LD_RUNPATH_SEARCH_PATHS = "$(inherited) @executable_path/Frameworks @loader_path/Frameworks";
				PRODUCT_BUNDLE_IDENTIFIER = zhiyuan.QianBaoUITests;
				PRODUCT_NAME = "$(TARGET_NAME)";
				SWIFT_VERSION = 3.0;
				TEST_TARGET_NAME = QianBao;
			};
			name = Release;
		};
/* End XCBuildConfiguration section */

/* Begin XCConfigurationList section */
		150D23611EA714170055CE68 /* Build configuration list for PBXProject "QianBao" */ = {
			isa = XCConfigurationList;
			buildConfigurations = (
				150D238C1EA714180055CE68 /* Debug */,
				150D238D1EA714180055CE68 /* Release */,
			);
			defaultConfigurationIsVisible = 0;
			defaultConfigurationName = Release;
		};
		150D238E1EA714180055CE68 /* Build configuration list for PBXNativeTarget "QianBao" */ = {
			isa = XCConfigurationList;
			buildConfigurations = (
				150D238F1EA714180055CE68 /* Debug */,
				150D23901EA714180055CE68 /* Release */,
			);
			defaultConfigurationIsVisible = 0;
			defaultConfigurationName = Release;
		};
		150D23911EA714180055CE68 /* Build configuration list for PBXNativeTarget "QianBaoTests" */ = {
			isa = XCConfigurationList;
			buildConfigurations = (
				150D23921EA714180055CE68 /* Debug */,
				150D23931EA714180055CE68 /* Release */,
			);
			defaultConfigurationIsVisible = 0;
			defaultConfigurationName = Release;
		};
		150D23941EA714180055CE68 /* Build configuration list for PBXNativeTarget "QianBaoUITests" */ = {
			isa = XCConfigurationList;
			buildConfigurations = (
				150D23951EA714180055CE68 /* Debug */,
				150D23961EA714180055CE68 /* Release */,
			);
			defaultConfigurationIsVisible = 0;
			defaultConfigurationName = Release;
		};
/* End XCConfigurationList section */
	};
	rootObject = 150D235E1EA714170055CE68 /* Project object */;
}
